{
  "name": "metamaskbtnstarter-main",
  "lockfileVersion": 2,
  "requires": true,
  "packages": {
    "": {
      "dependencies": {
        "@metamask/detect-provider": "^2.0.0"
      }
    },
    "node_modules/@metamask/detect-provider": {
      "version": "2.0.0",
      "resolved": "https://registry.npmjs.org/@metamask/detect-provider/-/detect-provider-2.0.0.tgz",
      "integrity": "sha512-sFpN+TX13E9fdBDh9lvQeZdJn4qYoRb/6QF2oZZK/Pn559IhCFacPMU1rMuqyXoFQF3JSJfii2l98B87QDPeCQ==",
      "engines": {
        "node": ">=14.0.0"
      }
    }
  },
  "dependencies": {
    "@metamask/detect-provider": {
      "version": "2.0.0",
      "resolved": "https://registry.npmjs.org/@metamask/detect-provider/-/detect-provider-2.0.0.tgz",
      "integrity": "sha512-sFpN+TX13E9fdBDh9lvQeZdJn4qYoRb/6QF2oZZK/Pn559IhCFacPMU1rMuqyXoFQF3JSJfii2l98B87QDPeCQ=="
    }
  }
}
